{
  "name": "blooming-passwords",
  "version": "1.0.0",
  "lockfileVersion": 1,
  "requires": true,
  "dependencies": {
    "bloomfilter": {
      "version": "0.0.18",
      "resolved": "https://registry.npmjs.org/bloomfilter/-/bloomfilter-0.0.18.tgz",
      "integrity": "sha512-CbnyHE78gY1tpXS/Ap+B0RJxKdRWCDzjBnX97UJSG8rdLv1PK8GiTWc/CCQyWu6PWVD4lUceeFrqC6Mf3nMgOA=="
    }
  }
}
