{
  "name": "blooming-passwords",
  "version": "1.0.0",
  "lockfileVersion": 1,
  "requires": true,
  "dependencies": {
    "bloomfilter": {
      "version": "0.0.21",
      "resolved": "https://registry.npmjs.org/bloomfilter/-/bloomfilter-0.0.21.tgz",
      "integrity": "sha512-80QsnSRgvoQC2MgfIz0hWWcNU04PjSUm7I0lesMRULAW4ty6H4P58+gvDGhQXQ+bgHDLf2r+uwfSpTXF2GO3Uw=="
    }
  }
}
